
Microsoft Visual Studio Solution File, Format Version 12.00
# Visual Studio 15
VisualStudioVersion = 15.0.26730.15
MinimumVisualStudioVersion = 10.0.40219.1
Project("{FAE04EC0-301F-11D3-BF4B-00C04F79EFBC}") = "HttpPerfDemo", "HttpPerfDemo\HttpPerfDemo.csproj", "{BB6513DB-07DE-4F86-B4A2-164FF156FF8C}"
EndProject
Project("{FAE04EC0-301F-11D3-BF4B-00C04F79EFBC}") = "HttpPerfExampleTester", "HttpPerfExampleTester\HttpPerfExampleTester.csproj", "{BB1C342B-5A71-4F71-BFEC-1A7FDB0CEE2F}"
EndProject
Project("{FAE04EC0-301F-11D3-BF4B-00C04F79EFBC}") = "HttpPerfExampleFullFrameworkTester", "HttpPerfExampleFullFrameworkTester\HttpPerfExampleFullFrameworkTester.csproj", "{ED8DAA29-6F71-495C-ABAF-F071CC3D07C8}"
EndProject
Global
	GlobalSection(SolutionConfigurationPlatforms) = preSolution
		Debug|Any CPU = Debug|Any CPU
		Release|Any CPU = Release|Any CPU
	EndGlobalSection
	GlobalSection(ProjectConfigurationPlatforms) = postSolution
		{BB6513DB-07DE-4F86-B4A2-164FF156FF8C}.Debug|Any CPU.ActiveCfg = Debug|Any CPU
		{BB6513DB-07DE-4F86-B4A2-164FF156FF8C}.Debug|Any CPU.Build.0 = Debug|Any CPU
		{BB6513DB-07DE-4F86-B4A2-164FF156FF8C}.Release|Any CPU.ActiveCfg = Release|Any CPU
		{BB6513DB-07DE-4F86-B4A2-164FF156FF8C}.Release|Any CPU.Build.0 = Release|Any CPU
		{BB1C342B-5A71-4F71-BFEC-1A7FDB0CEE2F}.Debug|Any CPU.ActiveCfg = Debug|Any CPU
		{BB1C342B-5A71-4F71-BFEC-1A7FDB0CEE2F}.Debug|Any CPU.Build.0 = Debug|Any CPU
		{BB1C342B-5A71-4F71-BFEC-1A7FDB0CEE2F}.Release|Any CPU.ActiveCfg = Release|Any CPU
		{BB1C342B-5A71-4F71-BFEC-1A7FDB0CEE2F}.Release|Any CPU.Build.0 = Release|Any CPU
		{ED8DAA29-6F71-495C-ABAF-F071CC3D07C8}.Debug|Any CPU.ActiveCfg = Debug|Any CPU
		{ED8DAA29-6F71-495C-ABAF-F071CC3D07C8}.Debug|Any CPU.Build.0 = Debug|Any CPU
		{ED8DAA29-6F71-495C-ABAF-F071CC3D07C8}.Release|Any CPU.ActiveCfg = Release|Any CPU
		{ED8DAA29-6F71-495C-ABAF-F071CC3D07C8}.Release|Any CPU.Build.0 = Release|Any CPU
	EndGlobalSection
	GlobalSection(SolutionProperties) = preSolution
		HideSolutionNode = FALSE
	EndGlobalSection
	GlobalSection(ExtensibilityGlobals) = postSolution
		SolutionGuid = {10E5B983-B03C-4E7E-A371-620C3B9446BF}
	EndGlobalSection
EndGlobal
